
Microsoft Visual Studio Solution File, Format Version 12.00
# Visual Studio Version 17
VisualStudioVersion = 17.14.36121.58 d17.14
MinimumVisualStudioVersion = 10.0.40219.1
Project("{FAE04EC0-301F-11D3-BF4B-00C04F79EFBC}") = "SugorokuGame", "SugorokuGame\SugorokuGame.csproj", "{D02D2917-BF0C-4C7A-AB63-51EB5DD6F8F7}"
EndProject
Global
	GlobalSection(SolutionConfigurationPlatforms) = preSolution
		Debug|Any CPU = Debug|Any CPU
		Release|Any CPU = Release|Any CPU
	EndGlobalSection
	GlobalSection(ProjectConfigurationPlatforms) = postSolution
		{D02D2917-BF0C-4C7A-AB63-51EB5DD6F8F7}.Debug|Any CPU.ActiveCfg = Debug|Any CPU
		{D02D2917-BF0C-4C7A-AB63-51EB5DD6F8F7}.Debug|Any CPU.Build.0 = Debug|Any CPU
		{D02D2917-BF0C-4C7A-AB63-51EB5DD6F8F7}.Release|Any CPU.ActiveCfg = Release|Any CPU
		{D02D2917-BF0C-4C7A-AB63-51EB5DD6F8F7}.Release|Any CPU.Build.0 = Release|Any CPU
	EndGlobalSection
	GlobalSection(SolutionProperties) = preSolution
		HideSolutionNode = FALSE
	EndGlobalSection
	GlobalSection(ExtensibilityGlobals) = postSolution
		SolutionGuid = {91958E46-46D7-4A9F-852F-1607F2C095A2}
	EndGlobalSection
EndGlobal
